// !$*UTF8*$!
{
	archiveVersion = 1;
	classes = {
	};
	objectVersion = 77;
	objects = {

/* Begin PBXBuildFile section */
		F71AB3A12D4820D800A4522E /* JWTDecode in Frameworks */ = {isa = PBXBuildFile; productRef = F71AB3A02D4820D800A4522E /* JWTDecode */; };
		F73288052D515FB200A33C24 /* MyProductListScreen.swift in Sources */ = {isa = PBXBuildFile; fileRef = F73288042D515FB200A33C24 /* MyProductListScreen.swift */; };
		F73288072D51627000A33C24 /* AddProductScreen.swift in Sources */ = {isa = PBXBuildFile; fileRef = F73288062D51627000A33C24 /* AddProductScreen.swift */; };
		F74C847C2D66E48200D912DF /* MyProductCellView.swift in Sources */ = {isa = PBXBuildFile; fileRef = F74C847B2D66E48200D912DF /* MyProductCellView.swift */; };
		F7A3011D2D7559DC0099C7DE /* CartStore.swift in Sources */ = {isa = PBXBuildFile; fileRef = F7A3011C2D7559DC0099C7DE /* CartStore.swift */; };
		F7A3011F2D755FF50099C7DE /* ProductDetailScreen.swift in Sources */ = {isa = PBXBuildFile; fileRef = F7A3011E2D755FF50099C7DE /* ProductDetailScreen.swift */; };
		F7B179202D769BB800380E97 /* CartScreen.swift in Sources */ = {isa = PBXBuildFile; fileRef = F7B1791F2D769BB800380E97 /* CartScreen.swift */; };
		F7BD2B222D5C334400E2BF29 /* UploaderDownloader.swift in Sources */ = {isa = PBXBuildFile; fileRef = F7BD2B212D5C334400E2BF29 /* UploaderDownloader.swift */; };
		F7BD2B242D5C3CF700E2BF29 /* UploaderEnviromentKey.swift in Sources */ = {isa = PBXBuildFile; fileRef = F7BD2B232D5C3CF400E2BF29 /* UploaderEnviromentKey.swift */; };
		F7CAF1C02D513E8400F6120F /* Errors.swift in Sources */ = {isa = PBXBuildFile; fileRef = F7CAF1BF2D513E8400F6120F /* Errors.swift */; };
		F7CE97902D696D6000FD2AF3 /* MyProductDetailScreen.swift in Sources */ = {isa = PBXBuildFile; fileRef = F7CE978F2D696D6000FD2AF3 /* MyProductDetailScreen.swift */; };
		F7D4DF462D642EF20080C995 /* ImagePicker.swift in Sources */ = {isa = PBXBuildFile; fileRef = F7D4DF452D642EF20080C995 /* ImagePicker.swift */; };
		F7E2DD032D763672006548A1 /* UserDefaults+Ext.swift in Sources */ = {isa = PBXBuildFile; fileRef = F7E2DD022D763672006548A1 /* UserDefaults+Ext.swift */; };
		F7EF47792D4C2192003123E8 /* Preview Assets.xcassets in Resources */ = {isa = PBXBuildFile; fileRef = F7EF47662D4C2192003123E8 /* Preview Assets.xcassets */; };
		F7EF477A2D4C2192003123E8 /* Assets.xcassets in Resources */ = {isa = PBXBuildFile; fileRef = F7EF47752D4C2192003123E8 /* Assets.xcassets */; };
		F7EF477B2D4C2192003123E8 /* HTTPClient.swift in Sources */ = {isa = PBXBuildFile; fileRef = F7EF475C2D4C2192003123E8 /* HTTPClient.swift */; };
		F7EF477C2D4C2192003123E8 /* AuthenticationController.swift in Sources */ = {isa = PBXBuildFile; fileRef = F7EF475E2D4C2192003123E8 /* AuthenticationController.swift */; };
		F7EF477D2D4C2192003123E8 /* AuthenticationEnvironmentKey.swift in Sources */ = {isa = PBXBuildFile; fileRef = F7EF47602D4C2192003123E8 /* AuthenticationEnvironmentKey.swift */; };
		F7EF477E2D4C2192003123E8 /* String+Ext.swift in Sources */ = {isa = PBXBuildFile; fileRef = F7EF47622D4C2192003123E8 /* String+Ext.swift */; };
		F7EF477F2D4C2192003123E8 /* DTOs.swift in Sources */ = {isa = PBXBuildFile; fileRef = F7EF47642D4C2192003123E8 /* DTOs.swift */; };
		F7EF47802D4C2192003123E8 /* HomeScreen.swift in Sources */ = {isa = PBXBuildFile; fileRef = F7EF47682D4C2192003123E8 /* HomeScreen.swift */; };
		F7EF47812D4C2192003123E8 /* LoginScreen.swift in Sources */ = {isa = PBXBuildFile; fileRef = F7EF47692D4C2192003123E8 /* LoginScreen.swift */; };
		F7EF47822D4C2192003123E8 /* ProductListScreen.swift in Sources */ = {isa = PBXBuildFile; fileRef = F7EF476A2D4C2192003123E8 /* ProductListScreen.swift */; };
		F7EF47832D4C2192003123E8 /* ProfileScreen.swift in Sources */ = {isa = PBXBuildFile; fileRef = F7EF476B2D4C2192003123E8 /* ProfileScreen.swift */; };
		F7EF47842D4C2192003123E8 /* RegistrationScreen.swift in Sources */ = {isa = PBXBuildFile; fileRef = F7EF476C2D4C2192003123E8 /* RegistrationScreen.swift */; };
		F7EF47852D4C2192003123E8 /* Constants.swift in Sources */ = {isa = PBXBuildFile; fileRef = F7EF476E2D4C2192003123E8 /* Constants.swift */; };
		F7EF47862D4C2192003123E8 /* KeyChainWrapper.swift in Sources */ = {isa = PBXBuildFile; fileRef = F7EF476F2D4C2192003123E8 /* KeyChainWrapper.swift */; };
		F7EF47872D4C2192003123E8 /* JWTTokenValidator.swift in Sources */ = {isa = PBXBuildFile; fileRef = F7EF47712D4C2192003123E8 /* JWTTokenValidator.swift */; };
		F7EF47882D4C2192003123E8 /* RequiresAuthentication.swift in Sources */ = {isa = PBXBuildFile; fileRef = F7EF47732D4C2192003123E8 /* RequiresAuthentication.swift */; };
		F7EF478A2D4C2192003123E8 /* IntelligentShopApp.swift in Sources */ = {isa = PBXBuildFile; fileRef = F7EF47772D4C2192003123E8 /* IntelligentShopApp.swift */; };
		F7EF478D2D4C21D2003123E8 /* ProductStore.swift in Sources */ = {isa = PBXBuildFile; fileRef = F7EF478C2D4C21D2003123E8 /* ProductStore.swift */; };
		F7EF47902D4C27C6003123E8 /* ProductCellView.swift in Sources */ = {isa = PBXBuildFile; fileRef = F7EF478F2D4C27C6003123E8 /* ProductCellView.swift */; };
/* End PBXBuildFile section */

/* Begin PBXFileReference section */
		F73288042D515FB200A33C24 /* MyProductListScreen.swift */ = {isa = PBXFileReference; lastKnownFileType = sourcecode.swift; path = MyProductListScreen.swift; sourceTree = "<group>"; };
		F73288062D51627000A33C24 /* AddProductScreen.swift */ = {isa = PBXFileReference; lastKnownFileType = sourcecode.swift; path = AddProductScreen.swift; sourceTree = "<group>"; };
		F73C90602D346F75000F1919 /* IntelligentShop.app */ = {isa = PBXFileReference; explicitFileType = wrapper.application; includeInIndex = 0; path = IntelligentShop.app; sourceTree = BUILT_PRODUCTS_DIR; };
		F74C847B2D66E48200D912DF /* MyProductCellView.swift */ = {isa = PBXFileReference; lastKnownFileType = sourcecode.swift; path = MyProductCellView.swift; sourceTree = "<group>"; };
		F7A3011C2D7559DC0099C7DE /* CartStore.swift */ = {isa = PBXFileReference; lastKnownFileType = sourcecode.swift; path = CartStore.swift; sourceTree = "<group>"; };
		F7A3011E2D755FF50099C7DE /* ProductDetailScreen.swift */ = {isa = PBXFileReference; lastKnownFileType = sourcecode.swift; path = ProductDetailScreen.swift; sourceTree = "<group>"; };
		F7B1791F2D769BB800380E97 /* CartScreen.swift */ = {isa = PBXFileReference; lastKnownFileType = sourcecode.swift; path = CartScreen.swift; sourceTree = "<group>"; };
		F7BD2B212D5C334400E2BF29 /* UploaderDownloader.swift */ = {isa = PBXFileReference; lastKnownFileType = sourcecode.swift; path = UploaderDownloader.swift; sourceTree = "<group>"; };
		F7BD2B232D5C3CF400E2BF29 /* UploaderEnviromentKey.swift */ = {isa = PBXFileReference; lastKnownFileType = sourcecode.swift; path = UploaderEnviromentKey.swift; sourceTree = "<group>"; };
		F7CAF1BF2D513E8400F6120F /* Errors.swift */ = {isa = PBXFileReference; lastKnownFileType = sourcecode.swift; path = Errors.swift; sourceTree = "<group>"; };
		F7CE978F2D696D6000FD2AF3 /* MyProductDetailScreen.swift */ = {isa = PBXFileReference; lastKnownFileType = sourcecode.swift; path = MyProductDetailScreen.swift; sourceTree = "<group>"; };
		F7D4DF452D642EF20080C995 /* ImagePicker.swift */ = {isa = PBXFileReference; lastKnownFileType = sourcecode.swift; path = ImagePicker.swift; sourceTree = "<group>"; };
		F7E2DD022D763672006548A1 /* UserDefaults+Ext.swift */ = {isa = PBXFileReference; lastKnownFileType = sourcecode.swift; path = "UserDefaults+Ext.swift"; sourceTree = "<group>"; };
		F7EF475C2D4C2192003123E8 /* HTTPClient.swift */ = {isa = PBXFileReference; lastKnownFileType = sourcecode.swift; path = HTTPClient.swift; sourceTree = "<group>"; };
		F7EF475E2D4C2192003123E8 /* AuthenticationController.swift */ = {isa = PBXFileReference; lastKnownFileType = sourcecode.swift; path = AuthenticationController.swift; sourceTree = "<group>"; };
		F7EF47602D4C2192003123E8 /* AuthenticationEnvironmentKey.swift */ = {isa = PBXFileReference; lastKnownFileType = sourcecode.swift; path = AuthenticationEnvironmentKey.swift; sourceTree = "<group>"; };
		F7EF47622D4C2192003123E8 /* String+Ext.swift */ = {isa = PBXFileReference; lastKnownFileType = sourcecode.swift; path = "String+Ext.swift"; sourceTree = "<group>"; };
		F7EF47642D4C2192003123E8 /* DTOs.swift */ = {isa = PBXFileReference; lastKnownFileType = sourcecode.swift; path = DTOs.swift; sourceTree = "<group>"; };
		F7EF47662D4C2192003123E8 /* Preview Assets.xcassets */ = {isa = PBXFileReference; lastKnownFileType = folder.assetcatalog; path = "Preview Assets.xcassets"; sourceTree = "<group>"; };
		F7EF47682D4C2192003123E8 /* HomeScreen.swift */ = {isa = PBXFileReference; lastKnownFileType = sourcecode.swift; path = HomeScreen.swift; sourceTree = "<group>"; };
		F7EF47692D4C2192003123E8 /* LoginScreen.swift */ = {isa = PBXFileReference; lastKnownFileType = sourcecode.swift; path = LoginScreen.swift; sourceTree = "<group>"; };
		F7EF476A2D4C2192003123E8 /* ProductListScreen.swift */ = {isa = PBXFileReference; lastKnownFileType = sourcecode.swift; path = ProductListScreen.swift; sourceTree = "<group>"; };
		F7EF476B2D4C2192003123E8 /* ProfileScreen.swift */ = {isa = PBXFileReference; lastKnownFileType = sourcecode.swift; path = ProfileScreen.swift; sourceTree = "<group>"; };
		F7EF476C2D4C2192003123E8 /* RegistrationScreen.swift */ = {isa = PBXFileReference; lastKnownFileType = sourcecode.swift; path = RegistrationScreen.swift; sourceTree = "<group>"; };
		F7EF476E2D4C2192003123E8 /* Constants.swift */ = {isa = PBXFileReference; lastKnownFileType = sourcecode.swift; path = Constants.swift; sourceTree = "<group>"; };
		F7EF476F2D4C2192003123E8 /* KeyChainWrapper.swift */ = {isa = PBXFileReference; lastKnownFileType = sourcecode.swift; path = KeyChainWrapper.swift; sourceTree = "<group>"; };
		F7EF47712D4C2192003123E8 /* JWTTokenValidator.swift */ = {isa = PBXFileReference; lastKnownFileType = sourcecode.swift; path = JWTTokenValidator.swift; sourceTree = "<group>"; };
		F7EF47732D4C2192003123E8 /* RequiresAuthentication.swift */ = {isa = PBXFileReference; lastKnownFileType = sourcecode.swift; path = RequiresAuthentication.swift; sourceTree = "<group>"; };
		F7EF47752D4C2192003123E8 /* Assets.xcassets */ = {isa = PBXFileReference; lastKnownFileType = folder.assetcatalog; path = Assets.xcassets; sourceTree = "<group>"; };
		F7EF47772D4C2192003123E8 /* IntelligentShopApp.swift */ = {isa = PBXFileReference; lastKnownFileType = sourcecode.swift; path = IntelligentShopApp.swift; sourceTree = "<group>"; };
		F7EF478C2D4C21D2003123E8 /* ProductStore.swift */ = {isa = PBXFileReference; lastKnownFileType = sourcecode.swift; path = ProductStore.swift; sourceTree = "<group>"; };
		F7EF478F2D4C27C6003123E8 /* ProductCellView.swift */ = {isa = PBXFileReference; lastKnownFileType = sourcecode.swift; path = ProductCellView.swift; sourceTree = "<group>"; };
/* End PBXFileReference section */

/* Begin PBXFrameworksBuildPhase section */
		F73C905D2D346F75000F1919 /* Frameworks */ = {
			isa = PBXFrameworksBuildPhase;
			buildActionMask = 2147483647;
			files = (
				F71AB3A12D4820D800A4522E /* JWTDecode in Frameworks */,
			);
			runOnlyForDeploymentPostprocessing = 0;
		};
/* End PBXFrameworksBuildPhase section */

/* Begin PBXGroup section */
		F73C90572D346F74000F1919 = {
			isa = PBXGroup;
			children = (
				F7EF47782D4C2192003123E8 /* IntelligentShop */,
				F73C90612D346F75000F1919 /* Products */,
			);
			sourceTree = "<group>";
		};
		F73C90612D346F75000F1919 /* Products */ = {
			isa = PBXGroup;
			children = (
				F73C90602D346F75000F1919 /* IntelligentShop.app */,
			);
			name = Products;
			sourceTree = "<group>";
		};
		F7BD2B202D5C332B00E2BF29 /* Services */ = {
			isa = PBXGroup;
			children = (
				F7BD2B212D5C334400E2BF29 /* UploaderDownloader.swift */,
			);
			path = Services;
			sourceTree = "<group>";
		};
		F7CAF1BE2D513E4500F6120F /* Errors */ = {
			isa = PBXGroup;
			children = (
				F7CAF1BF2D513E8400F6120F /* Errors.swift */,
			);
			path = Errors;
			sourceTree = "<group>";
		};
		F7EF475D2D4C2192003123E8 /* Clients */ = {
			isa = PBXGroup;
			children = (
				F7EF475C2D4C2192003123E8 /* HTTPClient.swift */,
			);
			path = Clients;
			sourceTree = "<group>";
		};
		F7EF475F2D4C2192003123E8 /* Controllers */ = {
			isa = PBXGroup;
			children = (
				F7EF475E2D4C2192003123E8 /* AuthenticationController.swift */,
			);
			path = Controllers;
			sourceTree = "<group>";
		};
		F7EF47612D4C2192003123E8 /* Enviroment Values */ = {
			isa = PBXGroup;
			children = (
				F7BD2B232D5C3CF400E2BF29 /* UploaderEnviromentKey.swift */,
				F7EF47602D4C2192003123E8 /* AuthenticationEnvironmentKey.swift */,
			);
			path = "Enviroment Values";
			sourceTree = "<group>";
		};
		F7EF47632D4C2192003123E8 /* Extensions */ = {
			isa = PBXGroup;
			children = (
				F7EF47622D4C2192003123E8 /* String+Ext.swift */,
				F7E2DD022D763672006548A1 /* UserDefaults+Ext.swift */,
			);
			path = Extensions;
			sourceTree = "<group>";
		};
		F7EF47652D4C2192003123E8 /* Models */ = {
			isa = PBXGroup;
			children = (
				F7EF47642D4C2192003123E8 /* DTOs.swift */,
			);
			path = Models;
			sourceTree = "<group>";
		};
		F7EF47672D4C2192003123E8 /* Preview Content */ = {
			isa = PBXGroup;
			children = (
				F7EF47662D4C2192003123E8 /* Preview Assets.xcassets */,
			);
			path = "Preview Content";
			sourceTree = "<group>";
		};
		F7EF476D2D4C2192003123E8 /* Screens */ = {
			isa = PBXGroup;
			children = (
				F7EF47682D4C2192003123E8 /* HomeScreen.swift */,
				F7EF47692D4C2192003123E8 /* LoginScreen.swift */,
				F7EF476A2D4C2192003123E8 /* ProductListScreen.swift */,
				F7EF476B2D4C2192003123E8 /* ProfileScreen.swift */,
				F7EF476C2D4C2192003123E8 /* RegistrationScreen.swift */,
				F73288042D515FB200A33C24 /* MyProductListScreen.swift */,
				F73288062D51627000A33C24 /* AddProductScreen.swift */,
				F7CE978F2D696D6000FD2AF3 /* MyProductDetailScreen.swift */,
				F7A3011E2D755FF50099C7DE /* ProductDetailScreen.swift */,
				F7B1791F2D769BB800380E97 /* CartScreen.swift */,
			);
			path = Screens;
			sourceTree = "<group>";
		};
		F7EF47702D4C2192003123E8 /* Utils */ = {
			isa = PBXGroup;
			children = (
				F7EF476E2D4C2192003123E8 /* Constants.swift */,
				F7EF476F2D4C2192003123E8 /* KeyChainWrapper.swift */,
				F7D4DF452D642EF20080C995 /* ImagePicker.swift */,
			);
			path = Utils;
			sourceTree = "<group>";
		};
		F7EF47722D4C2192003123E8 /* Validators */ = {
			isa = PBXGroup;
			children = (
				F7EF47712D4C2192003123E8 /* JWTTokenValidator.swift */,
			);
			path = Validators;
			sourceTree = "<group>";
		};
		F7EF47742D4C2192003123E8 /* View Modifiers */ = {
			isa = PBXGroup;
			children = (
				F7EF47732D4C2192003123E8 /* RequiresAuthentication.swift */,
			);
			path = "View Modifiers";
			sourceTree = "<group>";
		};
		F7EF47782D4C2192003123E8 /* IntelligentShop */ = {
			isa = PBXGroup;
			children = (
				F7EF47652D4C2192003123E8 /* Models */,
				F7EF478E2D4C27A0003123E8 /* Views */,
				F7EF475F2D4C2192003123E8 /* Controllers */,
				F7EF476D2D4C2192003123E8 /* Screens */,
				F7EF478B2D4C2199003123E8 /* Stores */,
				F7EF475D2D4C2192003123E8 /* Clients */,
				F7EF47612D4C2192003123E8 /* Enviroment Values */,
				F7CAF1BE2D513E4500F6120F /* Errors */,
				F7EF47632D4C2192003123E8 /* Extensions */,
				F7BD2B202D5C332B00E2BF29 /* Services */,
				F7EF47702D4C2192003123E8 /* Utils */,
				F7EF47722D4C2192003123E8 /* Validators */,
				F7EF47742D4C2192003123E8 /* View Modifiers */,
				F7EF47752D4C2192003123E8 /* Assets.xcassets */,
				F7EF47672D4C2192003123E8 /* Preview Content */,
				F7EF47772D4C2192003123E8 /* IntelligentShopApp.swift */,
			);
			path = IntelligentShop;
			sourceTree = "<group>";
		};
		F7EF478B2D4C2199003123E8 /* Stores */ = {
			isa = PBXGroup;
			children = (
				F7EF478C2D4C21D2003123E8 /* ProductStore.swift */,
				F7A3011C2D7559DC0099C7DE /* CartStore.swift */,
			);
			path = Stores;
			sourceTree = "<group>";
		};
		F7EF478E2D4C27A0003123E8 /* Views */ = {
			isa = PBXGroup;
			children = (
				F7EF478F2D4C27C6003123E8 /* ProductCellView.swift */,
				F74C847B2D66E48200D912DF /* MyProductCellView.swift */,
			);
			path = Views;
			sourceTree = "<group>";
		};
/* End PBXGroup section */

/* Begin PBXNativeTarget section */
		F73C905F2D346F75000F1919 /* IntelligentShop */ = {
			isa = PBXNativeTarget;
			buildConfigurationList = F73C906E2D346F77000F1919 /* Build configuration list for PBXNativeTarget "IntelligentShop" */;
			buildPhases = (
				F73C905C2D346F75000F1919 /* Sources */,
				F73C905D2D346F75000F1919 /* Frameworks */,
				F73C905E2D346F75000F1919 /* Resources */,
			);
			buildRules = (
			);
			dependencies = (
			);
			name = IntelligentShop;
			packageProductDependencies = (
				F71AB3A02D4820D800A4522E /* JWTDecode */,
			);
			productName = IntelligentShop;
			productReference = F73C90602D346F75000F1919 /* IntelligentShop.app */;
			productType = "com.apple.product-type.application";
		};
/* End PBXNativeTarget section */

/* Begin PBXProject section */
		F73C90582D346F74000F1919 /* Project object */ = {
			isa = PBXProject;
			attributes = {
				BuildIndependentTargetsInParallel = 1;
				LastSwiftUpdateCheck = 1600;
				LastUpgradeCheck = 1600;
				TargetAttributes = {
					F73C905F2D346F75000F1919 = {
						CreatedOnToolsVersion = 16.0;
					};
				};
			};
			buildConfigurationList = F73C905B2D346F74000F1919 /* Build configuration list for PBXProject "IntelligentShop" */;
			developmentRegion = en;
			hasScannedForEncodings = 0;
			knownRegions = (
				en,
				Base,
			);
			mainGroup = F73C90572D346F74000F1919;
			minimizedProjectReferenceProxies = 1;
			packageReferences = (
				F71AB39F2D4820D800A4522E /* XCRemoteSwiftPackageReference "JWTDecode.swift" */,
			);
			preferredProjectObjectVersion = 77;
			productRefGroup = F73C90612D346F75000F1919 /* Products */;
			projectDirPath = "";
			projectRoot = "";
			targets = (
				F73C905F2D346F75000F1919 /* IntelligentShop */,
			);
		};
/* End PBXProject section */

/* Begin PBXResourcesBuildPhase section */
		F73C905E2D346F75000F1919 /* Resources */ = {
			isa = PBXResourcesBuildPhase;
			buildActionMask = 2147483647;
			files = (
				F7EF47792D4C2192003123E8 /* Preview Assets.xcassets in Resources */,
				F7EF477A2D4C2192003123E8 /* Assets.xcassets in Resources */,
			);
			runOnlyForDeploymentPostprocessing = 0;
		};
/* End PBXResourcesBuildPhase section */

/* Begin PBXSourcesBuildPhase section */
		F73C905C2D346F75000F1919 /* Sources */ = {
			isa = PBXSourcesBuildPhase;
			buildActionMask = 2147483647;
			files = (
				F7EF477B2D4C2192003123E8 /* HTTPClient.swift in Sources */,
				F7EF477C2D4C2192003123E8 /* AuthenticationController.swift in Sources */,
				F7EF477D2D4C2192003123E8 /* AuthenticationEnvironmentKey.swift in Sources */,
				F7A3011D2D7559DC0099C7DE /* CartStore.swift in Sources */,
				F7BD2B222D5C334400E2BF29 /* UploaderDownloader.swift in Sources */,
				F7A3011F2D755FF50099C7DE /* ProductDetailScreen.swift in Sources */,
				F7EF477E2D4C2192003123E8 /* String+Ext.swift in Sources */,
				F73288072D51627000A33C24 /* AddProductScreen.swift in Sources */,
				F7CE97902D696D6000FD2AF3 /* MyProductDetailScreen.swift in Sources */,
				F7EF477F2D4C2192003123E8 /* DTOs.swift in Sources */,
				F7EF47802D4C2192003123E8 /* HomeScreen.swift in Sources */,
				F7EF47812D4C2192003123E8 /* LoginScreen.swift in Sources */,
				F7B179202D769BB800380E97 /* CartScreen.swift in Sources */,
				F7CAF1C02D513E8400F6120F /* Errors.swift in Sources */,
				F7EF47822D4C2192003123E8 /* ProductListScreen.swift in Sources */,
				F7EF47832D4C2192003123E8 /* ProfileScreen.swift in Sources */,
				F7EF47842D4C2192003123E8 /* RegistrationScreen.swift in Sources */,
				F74C847C2D66E48200D912DF /* MyProductCellView.swift in Sources */,
				F7BD2B242D5C3CF700E2BF29 /* UploaderEnviromentKey.swift in Sources */,
				F7EF47902D4C27C6003123E8 /* ProductCellView.swift in Sources */,
				F7EF47852D4C2192003123E8 /* Constants.swift in Sources */,
				F7E2DD032D763672006548A1 /* UserDefaults+Ext.swift in Sources */,
				F7EF47862D4C2192003123E8 /* KeyChainWrapper.swift in Sources */,
				F7EF47872D4C2192003123E8 /* JWTTokenValidator.swift in Sources */,
				F73288052D515FB200A33C24 /* MyProductListScreen.swift in Sources */,
				F7EF47882D4C2192003123E8 /* RequiresAuthentication.swift in Sources */,
				F7D4DF462D642EF20080C995 /* ImagePicker.swift in Sources */,
				F7EF478A2D4C2192003123E8 /* IntelligentShopApp.swift in Sources */,
				F7EF478D2D4C21D2003123E8 /* ProductStore.swift in Sources */,
			);
			runOnlyForDeploymentPostprocessing = 0;
		};
/* End PBXSourcesBuildPhase section */

/* Begin XCBuildConfiguration section */
		F73C906C2D346F77000F1919 /* Debug */ = {
			isa = XCBuildConfiguration;
			buildSettings = {
				ALWAYS_SEARCH_USER_PATHS = NO;
				ASSETCATALOG_COMPILER_GENERATE_SWIFT_ASSET_SYMBOL_EXTENSIONS = YES;
				CLANG_ANALYZER_NONNULL = YES;
				CLANG_ANALYZER_NUMBER_OBJECT_CONVERSION = YES_AGGRESSIVE;
				CLANG_CXX_LANGUAGE_STANDARD = "gnu++20";
				CLANG_ENABLE_MODULES = YES;
				CLANG_ENABLE_OBJC_ARC = YES;
				CLANG_ENABLE_OBJC_WEAK = YES;
				CLANG_WARN_BLOCK_CAPTURE_AUTORELEASING = YES;
				CLANG_WARN_BOOL_CONVERSION = YES;
				CLANG_WARN_COMMA = YES;
				CLANG_WARN_CONSTANT_CONVERSION = YES;
				CLANG_WARN_DEPRECATED_OBJC_IMPLEMENTATIONS = YES;
				CLANG_WARN_DIRECT_OBJC_ISA_USAGE = YES_ERROR;
				CLANG_WARN_DOCUMENTATION_COMMENTS = YES;
				CLANG_WARN_EMPTY_BODY = YES;
				CLANG_WARN_ENUM_CONVERSION = YES;
				CLANG_WARN_INFINITE_RECURSION = YES;
				CLANG_WARN_INT_CONVERSION = YES;
				CLANG_WARN_NON_LITERAL_NULL_CONVERSION = YES;
				CLANG_WARN_OBJC_IMPLICIT_RETAIN_SELF = YES;
				CLANG_WARN_OBJC_LITERAL_CONVERSION = YES;
				CLANG_WARN_OBJC_ROOT_CLASS = YES_ERROR;
				CLANG_WARN_QUOTED_INCLUDE_IN_FRAMEWORK_HEADER = YES;
				CLANG_WARN_RANGE_LOOP_ANALYSIS = YES;
				CLANG_WARN_STRICT_PROTOTYPES = YES;
				CLANG_WARN_SUSPICIOUS_MOVE = YES;
				CLANG_WARN_UNGUARDED_AVAILABILITY = YES_AGGRESSIVE;
				CLANG_WARN_UNREACHABLE_CODE = YES;
				CLANG_WARN__DUPLICATE_METHOD_MATCH = YES;
				COPY_PHASE_STRIP = NO;
				DEBUG_INFORMATION_FORMAT = dwarf;
				ENABLE_STRICT_OBJC_MSGSEND = YES;
				ENABLE_TESTABILITY = YES;
				ENABLE_USER_SCRIPT_SANDBOXING = YES;
				GCC_C_LANGUAGE_STANDARD = gnu17;
				GCC_DYNAMIC_NO_PIC = NO;
				GCC_NO_COMMON_BLOCKS = YES;
				GCC_OPTIMIZATION_LEVEL = 0;
				GCC_PREPROCESSOR_DEFINITIONS = (
					"DEBUG=1",
					"$(inherited)",
				);
				GCC_WARN_64_TO_32_BIT_CONVERSION = YES;
				GCC_WARN_ABOUT_RETURN_TYPE = YES_ERROR;
				GCC_WARN_UNDECLARED_SELECTOR = YES;
				GCC_WARN_UNINITIALIZED_AUTOS = YES_AGGRESSIVE;
				GCC_WARN_UNUSED_FUNCTION = YES;
				GCC_WARN_UNUSED_VARIABLE = YES;
				IPHONEOS_DEPLOYMENT_TARGET = 18.0;
				LOCALIZATION_PREFERS_STRING_CATALOGS = YES;
				MTL_ENABLE_DEBUG_INFO = INCLUDE_SOURCE;
				MTL_FAST_MATH = YES;
				ONLY_ACTIVE_ARCH = YES;
				SDKROOT = iphoneos;
				SWIFT_ACTIVE_COMPILATION_CONDITIONS = "DEBUG $(inherited)";
				SWIFT_OPTIMIZATION_LEVEL = "-Onone";
			};
			name = Debug;
		};
		F73C906D2D346F77000F1919 /* Release */ = {
			isa = XCBuildConfiguration;
			buildSettings = {
				ALWAYS_SEARCH_USER_PATHS = NO;
				ASSETCATALOG_COMPILER_GENERATE_SWIFT_ASSET_SYMBOL_EXTENSIONS = YES;
				CLANG_ANALYZER_NONNULL = YES;
				CLANG_ANALYZER_NUMBER_OBJECT_CONVERSION = YES_AGGRESSIVE;
				CLANG_CXX_LANGUAGE_STANDARD = "gnu++20";
				CLANG_ENABLE_MODULES = YES;
				CLANG_ENABLE_OBJC_ARC = YES;
				CLANG_ENABLE_OBJC_WEAK = YES;
				CLANG_WARN_BLOCK_CAPTURE_AUTORELEASING = YES;
				CLANG_WARN_BOOL_CONVERSION = YES;
				CLANG_WARN_COMMA = YES;
				CLANG_WARN_CONSTANT_CONVERSION = YES;
				CLANG_WARN_DEPRECATED_OBJC_IMPLEMENTATIONS = YES;
				CLANG_WARN_DIRECT_OBJC_ISA_USAGE = YES_ERROR;
				CLANG_WARN_DOCUMENTATION_COMMENTS = YES;
				CLANG_WARN_EMPTY_BODY = YES;
				CLANG_WARN_ENUM_CONVERSION = YES;
				CLANG_WARN_INFINITE_RECURSION = YES;
				CLANG_WARN_INT_CONVERSION = YES;
				CLANG_WARN_NON_LITERAL_NULL_CONVERSION = YES;
				CLANG_WARN_OBJC_IMPLICIT_RETAIN_SELF = YES;
				CLANG_WARN_OBJC_LITERAL_CONVERSION = YES;
				CLANG_WARN_OBJC_ROOT_CLASS = YES_ERROR;
				CLANG_WARN_QUOTED_INCLUDE_IN_FRAMEWORK_HEADER = YES;
				CLANG_WARN_RANGE_LOOP_ANALYSIS = YES;
				CLANG_WARN_STRICT_PROTOTYPES = YES;
				CLANG_WARN_SUSPICIOUS_MOVE = YES;
				CLANG_WARN_UNGUARDED_AVAILABILITY = YES_AGGRESSIVE;
				CLANG_WARN_UNREACHABLE_CODE = YES;
				CLANG_WARN__DUPLICATE_METHOD_MATCH = YES;
				COPY_PHASE_STRIP = NO;
				DEBUG_INFORMATION_FORMAT = "dwarf-with-dsym";
				ENABLE_NS_ASSERTIONS = NO;
				ENABLE_STRICT_OBJC_MSGSEND = YES;
				ENABLE_USER_SCRIPT_SANDBOXING = YES;
				GCC_C_LANGUAGE_STANDARD = gnu17;
				GCC_NO_COMMON_BLOCKS = YES;
				GCC_WARN_64_TO_32_BIT_CONVERSION = YES;
				GCC_WARN_ABOUT_RETURN_TYPE = YES_ERROR;
				GCC_WARN_UNDECLARED_SELECTOR = YES;
				GCC_WARN_UNINITIALIZED_AUTOS = YES_AGGRESSIVE;
				GCC_WARN_UNUSED_FUNCTION = YES;
				GCC_WARN_UNUSED_VARIABLE = YES;
				IPHONEOS_DEPLOYMENT_TARGET = 18.0;
				LOCALIZATION_PREFERS_STRING_CATALOGS = YES;
				MTL_ENABLE_DEBUG_INFO = NO;
				MTL_FAST_MATH = YES;
				SDKROOT = iphoneos;
				SWIFT_COMPILATION_MODE = wholemodule;
				VALIDATE_PRODUCT = YES;
			};
			name = Release;
		};
		F73C906F2D346F77000F1919 /* Debug */ = {
			isa = XCBuildConfiguration;
			buildSettings = {
				ASSETCATALOG_COMPILER_APPICON_NAME = AppIcon;
				ASSETCATALOG_COMPILER_GLOBAL_ACCENT_COLOR_NAME = AccentColor;
				CODE_SIGN_STYLE = Automatic;
				CURRENT_PROJECT_VERSION = 1;
				DEVELOPMENT_ASSET_PATHS = "\"IntelligentShop/Preview Content\"";
				DEVELOPMENT_TEAM = 6D9CKTK39V;
				ENABLE_PREVIEWS = YES;
				GENERATE_INFOPLIST_FILE = YES;
				INFOPLIST_KEY_UIApplicationSceneManifest_Generation = YES;
				INFOPLIST_KEY_UIApplicationSupportsIndirectInputEvents = YES;
				INFOPLIST_KEY_UILaunchScreen_Generation = YES;
				INFOPLIST_KEY_UISupportedInterfaceOrientations_iPad = "UIInterfaceOrientationPortrait UIInterfaceOrientationPortraitUpsideDown UIInterfaceOrientationLandscapeLeft UIInterfaceOrientationLandscapeRight";
				INFOPLIST_KEY_UISupportedInterfaceOrientations_iPhone = "UIInterfaceOrientationPortrait UIInterfaceOrientationLandscapeLeft UIInterfaceOrientationLandscapeRight";
				LD_RUNPATH_SEARCH_PATHS = (
					"$(inherited)",
					"@executable_path/Frameworks",
				);
				MARKETING_VERSION = 1.0;
				PRODUCT_BUNDLE_IDENTIFIER = trvl.IntelligentShop;
				PRODUCT_NAME = "$(TARGET_NAME)";
				SWIFT_EMIT_LOC_STRINGS = YES;
				SWIFT_VERSION = 6.0;
				TARGETED_DEVICE_FAMILY = "1,2";
			};
			name = Debug;
		};
		F73C90702D346F77000F1919 /* Release */ = {
			isa = XCBuildConfiguration;
			buildSettings = {
				ASSETCATALOG_COMPILER_APPICON_NAME = AppIcon;
				ASSETCATALOG_COMPILER_GLOBAL_ACCENT_COLOR_NAME = AccentColor;
				CODE_SIGN_STYLE = Automatic;
				CURRENT_PROJECT_VERSION = 1;
				DEVELOPMENT_ASSET_PATHS = "\"IntelligentShop/Preview Content\"";
				DEVELOPMENT_TEAM = 6D9CKTK39V;
				ENABLE_PREVIEWS = YES;
				GENERATE_INFOPLIST_FILE = YES;
				INFOPLIST_KEY_UIApplicationSceneManifest_Generation = YES;
				INFOPLIST_KEY_UIApplicationSupportsIndirectInputEvents = YES;
				INFOPLIST_KEY_UILaunchScreen_Generation = YES;
				INFOPLIST_KEY_UISupportedInterfaceOrientations_iPad = "UIInterfaceOrientationPortrait UIInterfaceOrientationPortraitUpsideDown UIInterfaceOrientationLandscapeLeft UIInterfaceOrientationLandscapeRight";
				INFOPLIST_KEY_UISupportedInterfaceOrientations_iPhone = "UIInterfaceOrientationPortrait UIInterfaceOrientationLandscapeLeft UIInterfaceOrientationLandscapeRight";
				LD_RUNPATH_SEARCH_PATHS = (
					"$(inherited)",
					"@executable_path/Frameworks",
				);
				MARKETING_VERSION = 1.0;
				PRODUCT_BUNDLE_IDENTIFIER = trvl.IntelligentShop;
				PRODUCT_NAME = "$(TARGET_NAME)";
				SWIFT_EMIT_LOC_STRINGS = YES;
				SWIFT_VERSION = 6.0;
				TARGETED_DEVICE_FAMILY = "1,2";
			};
			name = Release;
		};
/* End XCBuildConfiguration section */

/* Begin XCConfigurationList section */
		F73C905B2D346F74000F1919 /* Build configuration list for PBXProject "IntelligentShop" */ = {
			isa = XCConfigurationList;
			buildConfigurations = (
				F73C906C2D346F77000F1919 /* Debug */,
				F73C906D2D346F77000F1919 /* Release */,
			);
			defaultConfigurationIsVisible = 0;
			defaultConfigurationName = Release;
		};
		F73C906E2D346F77000F1919 /* Build configuration list for PBXNativeTarget "IntelligentShop" */ = {
			isa = XCConfigurationList;
			buildConfigurations = (
				F73C906F2D346F77000F1919 /* Debug */,
				F73C90702D346F77000F1919 /* Release */,
			);
			defaultConfigurationIsVisible = 0;
			defaultConfigurationName = Release;
		};
/* End XCConfigurationList section */

/* Begin XCRemoteSwiftPackageReference section */
		F71AB39F2D4820D800A4522E /* XCRemoteSwiftPackageReference "JWTDecode.swift" */ = {
			isa = XCRemoteSwiftPackageReference;
			repositoryURL = "https://github.com/auth0/JWTDecode.swift.git";
			requirement = {
				kind = upToNextMajorVersion;
				minimumVersion = 3.2.0;
			};
		};
/* End XCRemoteSwiftPackageReference section */

/* Begin XCSwiftPackageProductDependency section */
		F71AB3A02D4820D800A4522E /* JWTDecode */ = {
			isa = XCSwiftPackageProductDependency;
			package = F71AB39F2D4820D800A4522E /* XCRemoteSwiftPackageReference "JWTDecode.swift" */;
			productName = JWTDecode;
		};
/* End XCSwiftPackageProductDependency section */
	};
	rootObject = F73C90582D346F74000F1919 /* Project object */;
}
